{
  "name": "chainerui",
  "requires": true,
  "lockfileVersion": 1,
  "dependencies": {
    "asap": {
      "version": "2.0.6",
      "resolved": "https://registry.npmjs.org/asap/-/asap-2.0.6.tgz",
      "integrity": "sha1-5QNHYR1+aQlDIIu9r+vLwvuGbUY="
    },
    "balanced-match": {
      "version": "0.4.2",
      "resolved": "https://registry.npmjs.org/balanced-match/-/balanced-match-0.4.2.tgz",
      "integrity": "sha1-yz8+PHMtwPAe5wtAPzAuYddwmDg="
    },
    "bootstrap": {
      "version": "4.0.0-beta",
      "resolved": "https://registry.npmjs.org/bootstrap/-/bootstrap-4.0.0-beta.tgz",
      "integrity": "sha512-I/r3fYtUZr+rUNkh8HI+twxZ56p6ehNn27eA1XSebLVQKAJ2xZHnEvZrSR+UR2A/bONcd9gHC3xatVhQlH6R6w=="
    },
    "chain-function": {
      "version": "1.0.0",
      "resolved": "https://registry.npmjs.org/chain-function/-/chain-function-1.0.0.tgz",
      "integrity": "sha1-DUqzfn4Y6tC9xHuSB2QRjOWHM9w="
    },
    "classnames": {
      "version": "2.2.5",
      "resolved": "https://registry.npmjs.org/classnames/-/classnames-2.2.5.tgz",
      "integrity": "sha1-+zgB1FNGdknvNgPH1hoCvRKb3m0="
    },
    "core-js": {
      "version": "1.2.7",
      "resolved": "https://registry.npmjs.org/core-js/-/core-js-1.2.7.tgz",
      "integrity": "sha1-ZSKUwUZR2yj6k70tX/KYOk8IxjY="
    },
    "create-react-class": {
      "version": "15.6.0",
      "resolved": "https://registry.npmjs.org/create-react-class/-/create-react-class-15.6.0.tgz",
      "integrity": "sha1-q0SEl8JlZuHilBPogyB9V8/nvtQ=",
      "requires": {
        "fbjs": "^0.8.9",
        "loose-envify": "^1.3.1",
        "object-assign": "^4.1.1"
      }
    },
    "d3-array": {
      "version": "1.2.1",
      "resolved": "https://registry.npmjs.org/d3-array/-/d3-array-1.2.1.tgz",
      "integrity": "sha512-CyINJQ0SOUHojDdFDH4JEM0552vCR1utGyLHegJHyYH0JyCpSeTPxi4OBqHMA2jJZq4NH782LtaJWBImqI/HBw=="
    },
    "d3-collection": {
      "version": "1.0.4",
      "resolved": "https://registry.npmjs.org/d3-collection/-/d3-collection-1.0.4.tgz",
      "integrity": "sha1-NC39EoN8kJdPM/HMCnha6lcNzcI="
    },
    "d3-color": {
      "version": "1.2.0",
      "resolved": "https://registry.npmjs.org/d3-color/-/d3-color-1.2.0.tgz",
      "integrity": "sha512-dmL9Zr/v39aSSMnLOTd58in2RbregCg4UtGyUArvEKTTN6S3HKEy+ziBWVYo9PTzRyVW+pUBHUtRKz0HYX+SQg=="
    },
    "d3-format": {
      "version": "1.3.0",
      "resolved": "https://registry.npmjs.org/d3-format/-/d3-format-1.3.0.tgz",
      "integrity": "sha512-ycfLEIzHVZC3rOvuBOKVyQXSiUyCDjeAPIj9n/wugrr+s5AcTQC2Bz6aKkubG7rQaQF0SGW/OV4UEJB9nfioFg=="
    },
    "d3-interpolate": {
      "version": "1.2.0",
      "resolved": "https://registry.npmjs.org/d3-interpolate/-/d3-interpolate-1.2.0.tgz",
      "integrity": "sha512-zLvTk8CREPFfc/2XglPQriAsXkzoRDAyBzndtKJWrZmHw7kmOWHNS11e40kPTd/oGk8P5mFJW5uBbcFQ+ybxyA==",
      "requires": {
        "d3-color": "1"
      }
    },
    "d3-path": {
      "version": "1.0.5",
      "resolved": "https://registry.npmjs.org/d3-path/-/d3-path-1.0.5.tgz",
      "integrity": "sha1-JB6xhJvZ6egCHA0KeZ+KDo5EF2Q="
    },
    "d3-scale": {
      "version": "1.0.6",
      "resolved": "https://registry.npmjs.org/d3-scale/-/d3-scale-1.0.6.tgz",
      "integrity": "sha1-vOGdqA06DPQiyVQ64zIghiILNO0=",
      "requires": {
        "d3-array": "^1.2.0",
        "d3-collection": "1",
        "d3-color": "1",
        "d3-format": "1",
        "d3-interpolate": "1",
        "d3-time": "1",
        "d3-time-format": "2"
      }
    },
    "d3-shape": {
      "version": "1.2.0",
      "resolved": "https://registry.npmjs.org/d3-shape/-/d3-shape-1.2.0.tgz",
      "integrity": "sha1-RdAVOPBkuv0F6j1tLLdI/YxB93c=",
      "requires": {
        "d3-path": "1"
      }
    },
    "d3-time": {
      "version": "1.0.8",
      "resolved": "https://registry.npmjs.org/d3-time/-/d3-time-1.0.8.tgz",
      "integrity": "sha512-YRZkNhphZh3KcnBfitvF3c6E0JOFGikHZ4YqD+Lzv83ZHn1/u6yGenRU1m+KAk9J1GnZMnKcrtfvSktlA1DXNQ=="
    },
    "d3-time-format": {
      "version": "2.1.1",
      "resolved": "https://registry.npmjs.org/d3-time-format/-/d3-time-format-2.1.1.tgz",
      "integrity": "sha512-8kAkymq2WMfzW7e+s/IUNAtN/y3gZXGRrdGfo6R8NKPAA85UBTxZg5E61bR6nLwjPjj4d3zywSQe1CkYLPFyrw==",
      "requires": {
        "d3-time": "1"
      }
    },
    "deep-diff": {
      "version": "0.3.8",
      "resolved": "https://registry.npmjs.org/deep-diff/-/deep-diff-0.3.8.tgz",
      "integrity": "sha1-wB3mPvsO7JeYgB1Ax+Da4ltYLIQ="
    },
    "dom-helpers": {
      "version": "3.2.1",
      "resolved": "https://registry.npmjs.org/dom-helpers/-/dom-helpers-3.2.1.tgz",
      "integrity": "sha1-MgPgf+0he9H0JLAZc1WC/Deyglo="
    },
    "encoding": {
      "version": "0.1.12",
      "resolved": "https://registry.npmjs.org/encoding/-/encoding-0.1.12.tgz",
      "integrity": "sha1-U4tm8+5izRq1HsMjgp0flIDHS+s=",
      "requires": {
        "iconv-lite": "~0.4.13"
      }
    },
    "fbjs": {
      "version": "0.8.14",
      "resolved": "https://registry.npmjs.org/fbjs/-/fbjs-0.8.14.tgz",
      "integrity": "sha1-0dviviVMNakeCfMfnNUKQLKg7Rw=",
      "requires": {
        "core-js": "^1.0.0",
        "isomorphic-fetch": "^2.1.1",
        "loose-envify": "^1.0.0",
        "object-assign": "^4.1.0",
        "promise": "^7.1.1",
        "setimmediate": "^1.0.5",
        "ua-parser-js": "^0.7.9"
      }
    },
    "history": {
      "version": "3.3.0",
      "resolved": "https://registry.npmjs.org/history/-/history-3.3.0.tgz",
      "integrity": "sha1-/O3M6PEpdTcVRdc1RhAzV5ptrpw=",
      "requires": {
        "invariant": "^2.2.1",
        "loose-envify": "^1.2.0",
        "query-string": "^4.2.2",
        "warning": "^3.0.0"
      }
    },
    "hoist-non-react-statics": {
      "version": "2.3.0",
      "resolved": "https://registry.npmjs.org/hoist-non-react-statics/-/hoist-non-react-statics-2.3.0.tgz",
      "integrity": "sha1-7eFjGML/H5/joCU5a6Bv1MRGCLs="
    },
    "iconv-lite": {
      "version": "0.4.18",
      "resolved": "https://registry.npmjs.org/iconv-lite/-/iconv-lite-0.4.18.tgz",
      "integrity": "sha512-sr1ZQph3UwHTR0XftSbK85OvBbxe/abLGzEnPENCQwmHf7sck8Oyu4ob3LgBxWWxRoM+QszeUyl7jbqapu2TqA=="
    },
    "invariant": {
      "version": "2.2.2",
      "resolved": "https://registry.npmjs.org/invariant/-/invariant-2.2.2.tgz",
      "integrity": "sha1-nh9WrArNtr8wMwbzOL47IErmA2A=",
      "requires": {
        "loose-envify": "^1.0.0"
      }
    },
    "is-stream": {
      "version": "1.1.0",
      "resolved": "https://registry.npmjs.org/is-stream/-/is-stream-1.1.0.tgz",
      "integrity": "sha1-EtSj3U5o4Lec6428hBc66A2RykQ="
    },
    "isomorphic-fetch": {
      "version": "2.2.1",
      "resolved": "https://registry.npmjs.org/isomorphic-fetch/-/isomorphic-fetch-2.2.1.tgz",
      "integrity": "sha1-YRrhrPFPXoH3KVB0coGf6XM1WKk=",
      "requires": {
        "node-fetch": "^1.0.1",
        "whatwg-fetch": ">=0.10.0"
      }
    },
    "jquery": {
      "version": "3.2.1",
      "resolved": "https://registry.npmjs.org/jquery/-/jquery-3.2.1.tgz",
      "integrity": "sha1-XE2d5lKvbNCncBVKYxu6ErAVx4c="
    },
    "js-tokens": {
      "version": "3.0.2",
      "resolved": "https://registry.npmjs.org/js-tokens/-/js-tokens-3.0.2.tgz",
      "integrity": "sha1-mGbfOVECEw449/mWvOtlRDIJwls="
    },
    "lodash": {
      "version": "4.17.10",
      "resolved": "https://registry.npmjs.org/lodash/-/lodash-4.17.10.tgz",
      "integrity": "sha512-UejweD1pDoXu+AD825lWwp4ZGtSwgnpZxb3JDViD7StjQz+Nb/6l093lx4OQ0foGWNRoc19mWy7BzL+UAK2iVg=="
    },
    "lodash-es": {
      "version": "4.17.4",
      "resolved": "https://registry.npmjs.org/lodash-es/-/lodash-es-4.17.4.tgz",
      "integrity": "sha1-3MHXVS4VCgZABzupyzHXDwMpUOc="
    },
    "lodash.isfunction": {
      "version": "3.0.8",
      "resolved": "https://registry.npmjs.org/lodash.isfunction/-/lodash.isfunction-3.0.8.tgz",
      "integrity": "sha1-TbcJ/IG8So/XEnpFilNGxc3OLGs="
    },
    "lodash.isobject": {
      "version": "3.0.2",
      "resolved": "https://registry.npmjs.org/lodash.isobject/-/lodash.isobject-3.0.2.tgz",
      "integrity": "sha1-PI+41bW/S/kK4G4U8qUwpO2TXh0="
    },
    "lodash.tonumber": {
      "version": "4.0.3",
      "resolved": "https://registry.npmjs.org/lodash.tonumber/-/lodash.tonumber-4.0.3.tgz",
      "integrity": "sha1-C5azGzVnJ5Prf1pj7nkfG56QJdk="
    },
    "loose-envify": {
      "version": "1.3.1",
      "resolved": "https://registry.npmjs.org/loose-envify/-/loose-envify-1.3.1.tgz",
      "integrity": "sha1-0aitM/qc4OcT1l/dCsi3SNR4yEg=",
      "requires": {
        "js-tokens": "^3.0.0"
      }
    },
    "material-colors": {
      "version": "1.2.6",
      "resolved": "https://registry.npmjs.org/material-colors/-/material-colors-1.2.6.tgz",
      "integrity": "sha512-6qE4B9deFBIa9YSpOc9O0Sgc43zTeVYbgDT5veRKSlB2+ZuHNoVVxA1L/ckMUayV9Ay9y7Z/SZCLcGteW9i7bg=="
    },
    "math-expression-evaluator": {
      "version": "1.2.17",
      "resolved": "https://registry.npmjs.org/math-expression-evaluator/-/math-expression-evaluator-1.2.17.tgz",
      "integrity": "sha1-3oGf282E3M2PrlnGrreWFbnSZqw="
    },
    "moment": {
      "version": "2.22.2",
      "resolved": "https://registry.npmjs.org/moment/-/moment-2.22.2.tgz",
      "integrity": "sha1-PCV/mDn8DpP/UxSWMiOeuQeD/2Y="
    },
    "node-fetch": {
      "version": "1.7.2",
      "resolved": "https://registry.npmjs.org/node-fetch/-/node-fetch-1.7.2.tgz",
      "integrity": "sha512-xZZUq2yDhKMIn/UgG5q//IZSNLJIwW2QxS14CNH5spuiXkITM2pUitjdq58yLSaU7m4M0wBNaM2Gh/ggY4YJig==",
      "requires": {
        "encoding": "^0.1.11",
        "is-stream": "^1.0.1"
      }
    },
    "object-assign": {
      "version": "4.1.1",
      "resolved": "https://registry.npmjs.org/object-assign/-/object-assign-4.1.1.tgz",
      "integrity": "sha1-IQmtx5ZYh8/AXLvUQsrIv7s2CGM="
    },
    "open-iconic": {
      "version": "1.1.1",
      "resolved": "https://registry.npmjs.org/open-iconic/-/open-iconic-1.1.1.tgz",
      "integrity": "sha1-nc/Ix808Yc20ojaxo0eJTJetwMY="
    },
    "performance-now": {
      "version": "2.1.0",
      "resolved": "https://registry.npmjs.org/performance-now/-/performance-now-2.1.0.tgz",
      "integrity": "sha1-Ywn04OX6kT7BxpMHrjZLSzd8nns="
    },
    "popper.js": {
      "version": "1.12.3",
      "resolved": "https://registry.npmjs.org/popper.js/-/popper.js-1.12.3.tgz",
      "integrity": "sha512-yeccDWm2ZYbygDVKJxkyMkwjsDAP5/AROns/nN4ofdMghouyHzu4p3r27nkRGAcQXSYZJ+dqgKug6viAhszfUg=="
    },
    "promise": {
      "version": "7.3.1",
      "resolved": "https://registry.npmjs.org/promise/-/promise-7.3.1.tgz",
      "integrity": "sha512-nolQXZ/4L+bP/UGlkfaIujX9BKxGwmQ9OT4mOt5yvy8iK1h3wqTEJCijzGANTCCl9nWjY41juyAn2K3Q1hLLTg==",
      "requires": {
        "asap": "~2.0.3"
      }
    },
    "prop-types": {
      "version": "15.5.10",
      "resolved": "https://registry.npmjs.org/prop-types/-/prop-types-15.5.10.tgz",
      "integrity": "sha1-J5ffwxJhguOpXj37suiT3ddFYVQ=",
      "requires": {
        "fbjs": "^0.8.9",
        "loose-envify": "^1.3.1"
      }
    },
    "query-string": {
      "version": "4.3.4",
      "resolved": "https://registry.npmjs.org/query-string/-/query-string-4.3.4.tgz",
      "integrity": "sha1-u7aTucqRXCMlFbIosaArYJBD2+s=",
      "requires": {
        "object-assign": "^4.1.0",
        "strict-uri-encode": "^1.0.0"
      }
    },
    "raf": {
      "version": "3.4.0",
      "resolved": "https://registry.npmjs.org/raf/-/raf-3.4.0.tgz",
      "integrity": "sha512-pDP/NMRAXoTfrhCfyfSEwJAKLaxBU9eApMeBPB1TkDouZmvPerIClV8lTAd+uF8ZiTaVl69e1FCxQrAd/VTjGw==",
      "requires": {
        "performance-now": "^2.1.0"
      }
    },
    "react": {
      "version": "16.2.0",
      "resolved": "https://registry.npmjs.org/react/-/react-16.2.0.tgz",
      "integrity": "sha512-ZmIomM7EE1DvPEnSFAHZn9Vs9zJl5A9H7el0EGTE6ZbW9FKe/14IYAlPbC8iH25YarEQxZL+E8VW7Mi7kfQrDQ==",
      "requires": {
        "fbjs": "^0.8.16",
        "loose-envify": "^1.1.0",
        "object-assign": "^4.1.1",
        "prop-types": "^15.6.0"
      },
      "dependencies": {
        "fbjs": {
          "version": "0.8.16",
          "resolved": "https://registry.npmjs.org/fbjs/-/fbjs-0.8.16.tgz",
          "integrity": "sha1-XmdDL1UNxBtXK/VYR7ispk5TN9s=",
          "requires": {
            "core-js": "^1.0.0",
            "isomorphic-fetch": "^2.1.1",
            "loose-envify": "^1.0.0",
            "object-assign": "^4.1.0",
            "promise": "^7.1.1",
            "setimmediate": "^1.0.5",
            "ua-parser-js": "^0.7.9"
          }
        },
        "prop-types": {
          "version": "15.6.0",
          "resolved": "https://registry.npmjs.org/prop-types/-/prop-types-15.6.0.tgz",
          "integrity": "sha1-zq8IMCL8RrSjX2nhPvda7Q1jmFY=",
          "requires": {
            "fbjs": "^0.8.16",
            "loose-envify": "^1.3.1",
            "object-assign": "^4.1.1"
          }
        }
      }
    },
    "react-color": {
      "version": "2.14.1",
      "resolved": "https://registry.npmjs.org/react-color/-/react-color-2.14.1.tgz",
      "integrity": "sha512-ssv2ArSZdhTbIs29hyfw8JW+s3G4BCx/ILkwCajWZzrcx/2ZQfRpsaLVt38LAPbxe50LLszlmGtRerA14JzzRw==",
      "requires": {
        "lodash": "^4.0.1",
        "material-colors": "^1.2.1",
        "prop-types": "^15.5.10",
        "reactcss": "^1.2.0",
        "tinycolor2": "^1.4.1"
      }
    },
    "react-dom": {
      "version": "16.2.0",
      "resolved": "https://registry.npmjs.org/react-dom/-/react-dom-16.2.0.tgz",
      "integrity": "sha512-zpGAdwHVn9K0091d+hr+R0qrjoJ84cIBFL2uU60KvWBPfZ7LPSrfqviTxGHWN0sjPZb2hxWzMexwrvJdKePvjg==",
      "requires": {
        "fbjs": "^0.8.16",
        "loose-envify": "^1.1.0",
        "object-assign": "^4.1.1",
        "prop-types": "^15.6.0"
      },
      "dependencies": {
        "fbjs": {
          "version": "0.8.16",
          "resolved": "https://registry.npmjs.org/fbjs/-/fbjs-0.8.16.tgz",
          "integrity": "sha1-XmdDL1UNxBtXK/VYR7ispk5TN9s=",
          "requires": {
            "core-js": "^1.0.0",
            "isomorphic-fetch": "^2.1.1",
            "loose-envify": "^1.0.0",
            "object-assign": "^4.1.0",
            "promise": "^7.1.1",
            "setimmediate": "^1.0.5",
            "ua-parser-js": "^0.7.9"
          }
        },
        "prop-types": {
          "version": "15.6.0",
          "resolved": "https://registry.npmjs.org/prop-types/-/prop-types-15.6.0.tgz",
          "integrity": "sha1-zq8IMCL8RrSjX2nhPvda7Q1jmFY=",
          "requires": {
            "fbjs": "^0.8.16",
            "loose-envify": "^1.3.1",
            "object-assign": "^4.1.1"
          }
        }
      }
    },
    "react-lifecycles-compat": {
      "version": "3.0.4",
      "resolved": "https://registry.npmjs.org/react-lifecycles-compat/-/react-lifecycles-compat-3.0.4.tgz",
      "integrity": "sha512-fBASbA6LnOU9dOU2eW7aQ8xmYBSXUIWr+UmF9b1efZBazGNO+rcXT/icdKnYm2pTwcRylVUYwW7H1PHfLekVzA=="
    },
    "react-popper": {
      "version": "0.7.4",
      "resolved": "https://registry.npmjs.org/react-popper/-/react-popper-0.7.4.tgz",
      "integrity": "sha512-dx1fcKYYkidq7f71I1g+YX7g3QBLZ9taqiSRdJ7wbP7v/o7F6JsrUaNWGbVNul+TqdDDIZ5/k0xPUol9baqQJQ==",
      "requires": {
        "popper.js": "^1.12.5",
        "prop-types": "^15.5.10"
      },
      "dependencies": {
        "popper.js": {
          "version": "1.12.9",
          "resolved": "https://registry.npmjs.org/popper.js/-/popper.js-1.12.9.tgz",
          "integrity": "sha1-DfvC3/lsRRuzMu3Pz6r1ZtMx1bM="
        }
      }
    },
    "react-redux": {
      "version": "5.0.6",
      "resolved": "https://registry.npmjs.org/react-redux/-/react-redux-5.0.6.tgz",
      "integrity": "sha512-8taaaGu+J7PMJQDJrk/xiWEYQmdo3mkXw6wPr3K3LxvXis3Fymiq7c13S+Tpls/AyNUAsoONkU81AP0RA6y6Vw==",
      "requires": {
        "hoist-non-react-statics": "^2.2.1",
        "invariant": "^2.0.0",
        "lodash": "^4.2.0",
        "lodash-es": "^4.2.0",
        "loose-envify": "^1.1.0",
        "prop-types": "^15.5.10"
      }
    },
    "react-resize-detector": {
      "version": "1.1.0",
      "resolved": "https://registry.npmjs.org/react-resize-detector/-/react-resize-detector-1.1.0.tgz",
      "integrity": "sha512-68KVcQlhcWQGXMAie82YueCa4f4yqwEoiQbVyYlSgJEin1zMtNBLLeU/+6FLNf1TTgjwSfpbMTJTw/uU0HNgtQ==",
      "requires": {
        "prop-types": "^15.5.10"
      }
    },
    "react-router": {
      "version": "3.2.0",
      "resolved": "https://registry.npmjs.org/react-router/-/react-router-3.2.0.tgz",
      "integrity": "sha512-sXlLOg0TRCqnjCVskqBHGjzNjcJKUqXEKnDSuxMYJSPJNq9hROE9VsiIW2kfIq7Ev+20Iz0nxayekXyv0XNmsg==",
      "requires": {
        "create-react-class": "^15.5.1",
        "history": "^3.0.0",
        "hoist-non-react-statics": "^1.2.0",
        "invariant": "^2.2.1",
        "loose-envify": "^1.2.0",
        "prop-types": "^15.5.6",
        "warning": "^3.0.0"
      },
      "dependencies": {
        "hoist-non-react-statics": {
          "version": "1.2.0",
          "resolved": "https://registry.npmjs.org/hoist-non-react-statics/-/hoist-non-react-statics-1.2.0.tgz",
          "integrity": "sha1-qkSM8JhtVcxAdzsXF0t90GbLfPs="
        }
      }
    },
    "react-router-redux": {
      "version": "4.0.8",
      "resolved": "https://registry.npmjs.org/react-router-redux/-/react-router-redux-4.0.8.tgz",
      "integrity": "sha1-InQDWWtRUeGCN32rg1tdRfD4BU4="
    },
    "react-smooth": {
      "version": "1.0.0",
      "resolved": "https://registry.npmjs.org/react-smooth/-/react-smooth-1.0.0.tgz",
      "integrity": "sha1-sp2+vd3bBtIbWwiWIWf7nqwYl9g=",
      "requires": {
        "lodash": "~4.17.4",
        "prop-types": "^15.6.0",
        "raf": "^3.2.0",
        "react-transition-group": "^2.2.1"
      },
      "dependencies": {
        "prop-types": {
          "version": "15.6.2",
          "resolved": "https://registry.npmjs.org/prop-types/-/prop-types-15.6.2.tgz",
          "integrity": "sha512-3pboPvLiWD7dkI3qf3KbUe6hKFKa52w+AE0VCqECtf+QHAKgOL37tTaNCnuX1nAAQ4ZhyP+kYVKf8rLmJ/feDQ==",
          "requires": {
            "loose-envify": "^1.3.1",
            "object-assign": "^4.1.1"
          }
        }
      }
    },
    "react-table": {
      "version": "6.8.2",
      "resolved": "https://registry.npmjs.org/react-table/-/react-table-6.8.2.tgz",
      "integrity": "sha1-Olrvq8hZUzANFnhvowfDBhDbmtw=",
      "requires": {
        "classnames": "^2.2.5"
      }
    },
    "react-transition-group": {
      "version": "2.4.0",
      "resolved": "https://registry.npmjs.org/react-transition-group/-/react-transition-group-2.4.0.tgz",
      "integrity": "sha512-Xv5d55NkJUxUzLCImGSanK8Cl/30sgpOEMGc5m86t8+kZwrPxPCPcFqyx83kkr+5Lz5gs6djuvE5By+gce+VjA==",
      "requires": {
        "dom-helpers": "^3.3.1",
        "loose-envify": "^1.3.1",
        "prop-types": "^15.6.2",
        "react-lifecycles-compat": "^3.0.4"
      },
      "dependencies": {
        "dom-helpers": {
          "version": "3.3.1",
          "resolved": "https://registry.npmjs.org/dom-helpers/-/dom-helpers-3.3.1.tgz",
          "integrity": "sha512-2Sm+JaYn74OiTM2wHvxJOo3roiq/h25Yi69Fqk269cNUwIXsCvATB6CRSFC9Am/20G2b28hGv/+7NiWydIrPvg=="
        },
        "prop-types": {
          "version": "15.6.2",
          "resolved": "https://registry.npmjs.org/prop-types/-/prop-types-15.6.2.tgz",
          "integrity": "sha512-3pboPvLiWD7dkI3qf3KbUe6hKFKa52w+AE0VCqECtf+QHAKgOL37tTaNCnuX1nAAQ4ZhyP+kYVKf8rLmJ/feDQ==",
          "requires": {
            "loose-envify": "^1.3.1",
            "object-assign": "^4.1.1"
          }
        }
      }
    },
    "reactcss": {
      "version": "1.2.3",
      "resolved": "https://registry.npmjs.org/reactcss/-/reactcss-1.2.3.tgz",
      "integrity": "sha512-KiwVUcFu1RErkI97ywr8nvx8dNOpT03rbnma0SSalTYjkrPYaEajR4a/MRt6DZ46K6arDRbWMNHF+xH7G7n/8A==",
      "requires": {
        "lodash": "^4.0.1"
      }
    },
    "reactstrap": {
      "version": "5.0.0-alpha.4",
      "resolved": "https://registry.npmjs.org/reactstrap/-/reactstrap-5.0.0-alpha.4.tgz",
      "integrity": "sha1-HenPOxY0TKmRIMKiDg79Sqrrwdg=",
      "requires": {
        "classnames": "^2.2.3",
        "lodash.isfunction": "^3.0.8",
        "lodash.isobject": "^3.0.2",
        "lodash.tonumber": "^4.0.3",
        "prop-types": "^15.5.8",
        "react-popper": "^0.7.2",
        "react-transition-group": "^2.2.0"
      },
      "dependencies": {
        "react-transition-group": {
          "version": "2.2.1",
          "resolved": "https://registry.npmjs.org/react-transition-group/-/react-transition-group-2.2.1.tgz",
          "integrity": "sha512-q54UBM22bs/CekG8r3+vi9TugSqh0t7qcEVycaRc9M0p0aCEu+h6rp/RFiW7fHfgd1IKpd9oILFTl5QK+FpiPA==",
          "requires": {
            "chain-function": "^1.0.0",
            "classnames": "^2.2.5",
            "dom-helpers": "^3.2.0",
            "loose-envify": "^1.3.1",
            "prop-types": "^15.5.8",
            "warning": "^3.0.0"
          }
        }
      }
    },
    "recharts": {
      "version": "1.1.0",
      "resolved": "https://registry.npmjs.org/recharts/-/recharts-1.1.0.tgz",
      "integrity": "sha512-dxugIuhz+lN6mr0QQn0Laocacw7HrgwDRjGPtxf29jKMFV1Yvr+cgbYnO/HLdfkTIFTk9BKAnB+O0dvWv70vKQ==",
      "requires": {
        "classnames": "2.2.5",
        "core-js": "2.5.1",
        "d3-interpolate": "^1.1.5",
        "d3-scale": "1.0.6",
        "d3-shape": "1.2.0",
        "lodash": "~4.17.4",
        "lodash-es": "~4.17.4",
        "prop-types": "^15.6.0",
        "react-resize-detector": "1.1.0",
        "react-smooth": "1.0.0",
        "recharts-scale": "0.3.2",
        "reduce-css-calc": "1.3.0"
      },
      "dependencies": {
        "core-js": {
          "version": "2.5.1",
          "resolved": "https://registry.npmjs.org/core-js/-/core-js-2.5.1.tgz",
          "integrity": "sha1-rmh03GaTd4m4B1T/VCjfZoGcpQs="
        },
        "prop-types": {
          "version": "15.6.2",
          "resolved": "https://registry.npmjs.org/prop-types/-/prop-types-15.6.2.tgz",
          "integrity": "sha512-3pboPvLiWD7dkI3qf3KbUe6hKFKa52w+AE0VCqECtf+QHAKgOL37tTaNCnuX1nAAQ4ZhyP+kYVKf8rLmJ/feDQ==",
          "requires": {
            "loose-envify": "^1.3.1",
            "object-assign": "^4.1.1"
          }
        }
      }
    },
    "recharts-scale": {
      "version": "0.3.2",
      "resolved": "https://registry.npmjs.org/recharts-scale/-/recharts-scale-0.3.2.tgz",
      "integrity": "sha1-2sdiFxSkdl0VLLKtvDDHO4MSCMk="
    },
    "reduce-css-calc": {
      "version": "1.3.0",
      "resolved": "https://registry.npmjs.org/reduce-css-calc/-/reduce-css-calc-1.3.0.tgz",
      "integrity": "sha1-dHyRTgSWFKTJz7umKYca0dKSdxY=",
      "requires": {
        "balanced-match": "^0.4.2",
        "math-expression-evaluator": "^1.2.14",
        "reduce-function-call": "^1.0.1"
      }
    },
    "reduce-function-call": {
      "version": "1.0.2",
      "resolved": "https://registry.npmjs.org/reduce-function-call/-/reduce-function-call-1.0.2.tgz",
      "integrity": "sha1-WiAL+S4ON3UXUv5FsKszD9S2vpk=",
      "requires": {
        "balanced-match": "^0.4.2"
      }
    },
    "redux": {
      "version": "3.7.2",
      "resolved": "https://registry.npmjs.org/redux/-/redux-3.7.2.tgz",
      "integrity": "sha512-pNqnf9q1hI5HHZRBkj3bAngGZW/JMCmexDlOxw4XagXY2o1327nHH54LoTjiPJ0gizoqPDRqWyX/00g0hD6w+A==",
      "requires": {
        "lodash": "^4.2.1",
        "lodash-es": "^4.2.1",
        "loose-envify": "^1.1.0",
        "symbol-observable": "^1.0.3"
      }
    },
    "redux-logger": {
      "version": "3.0.6",
      "resolved": "https://registry.npmjs.org/redux-logger/-/redux-logger-3.0.6.tgz",
      "integrity": "sha1-91VZZvMJjzyIYExEnPC69XeCdL8=",
      "requires": {
        "deep-diff": "^0.3.5"
      }
    },
    "redux-persist": {
      "version": "5.4.0",
      "resolved": "https://registry.npmjs.org/redux-persist/-/redux-persist-5.4.0.tgz",
      "integrity": "sha512-Ohp7g5WRx2rDyDk/bKKCgbD3ES6ahGPWxFEp3QPx2opwst0jJEbZKigZtQewUeJZnomN/7Zo3QglPDOZ6EdYEw=="
    },
    "redux-requests": {
      "version": "1.0.2",
      "resolved": "https://registry.npmjs.org/redux-requests/-/redux-requests-1.0.2.tgz",
      "integrity": "sha1-FIUDnLgjgUVcZ9rnH1SkTv6OB1Y="
    },
    "redux-thunk": {
      "version": "2.2.0",
      "resolved": "https://registry.npmjs.org/redux-thunk/-/redux-thunk-2.2.0.tgz",
      "integrity": "sha1-5hWhbha0ehmlFXZhM9Hj6Zt4UuU="
    },
    "save-svg-as-png": {
      "version": "1.4.5",
      "resolved": "https://registry.npmjs.org/save-svg-as-png/-/save-svg-as-png-1.4.5.tgz",
      "integrity": "sha512-7fMWeOqdt1750WVNMKPyqmXgSz6Apd6EJSAMJXUvz7tsKRculuLmNAxYHjP/eqIUzkBnij6FqM9pepBevvVwFQ=="
    },
    "setimmediate": {
      "version": "1.0.5",
      "resolved": "https://registry.npmjs.org/setimmediate/-/setimmediate-1.0.5.tgz",
      "integrity": "sha1-KQy7Iy4waULX1+qbg3Mqt4VvgoU="
    },
    "strict-uri-encode": {
      "version": "1.1.0",
      "resolved": "https://registry.npmjs.org/strict-uri-encode/-/strict-uri-encode-1.1.0.tgz",
      "integrity": "sha1-J5siXfHVgrH1TmWt3UNS4Y+qBxM="
    },
    "symbol-observable": {
      "version": "1.0.4",
      "resolved": "https://registry.npmjs.org/symbol-observable/-/symbol-observable-1.0.4.tgz",
      "integrity": "sha1-Kb9hXUqnEhvdiYsi1LP5vE4qoD0="
    },
    "tinycolor2": {
      "version": "1.4.1",
      "resolved": "https://registry.npmjs.org/tinycolor2/-/tinycolor2-1.4.1.tgz",
      "integrity": "sha1-9PrTM0R7wLB9TcjpIJ2POaisd+g="
    },
    "ua-parser-js": {
      "version": "0.7.14",
      "resolved": "https://registry.npmjs.org/ua-parser-js/-/ua-parser-js-0.7.14.tgz",
      "integrity": "sha1-EQ1T+kw/MmwSEpK76skE0uAzh8o="
    },
    "warning": {
      "version": "3.0.0",
      "resolved": "https://registry.npmjs.org/warning/-/warning-3.0.0.tgz",
      "integrity": "sha1-MuU3fLVy3kqwR1O9+IIcAe1gW3w=",
      "requires": {
        "loose-envify": "^1.0.0"
      }
    },
    "whatwg-fetch": {
      "version": "2.0.3",
      "resolved": "https://registry.npmjs.org/whatwg-fetch/-/whatwg-fetch-2.0.3.tgz",
      "integrity": "sha1-nITsLc9oGH/wC8ZOEnS0QhduHIQ="
    }
  }
}
